# This file is automatically @generated by Cargo.
# It is not intended for manual editing.
[[package]]
name = "apres"
version = "0.2.5"
source = "registry+https://github.com/rust-lang/crates.io-index"
checksum = "541a657b7b558ddd7fb43f23e035977a86bfcb9a20c586922233ccecbad045a1"

[[package]]
name = "rusted-drums"
version = "0.1.0"
dependencies = [
 "apres",
]
